
Microsoft Visual Studio Solution File, Format Version 12.00
# Visual Studio Version 17
VisualStudioVersion = 17.7.34031.279
MinimumVisualStudioVersion = 10.0.40219.1
Project("{FAE04EC0-301F-11D3-BF4B-00C04F79EFBC}") = "ImagesStore.Web", "ImagesStore.Web\ImagesStore.Web.csproj", "{6BD40625-69FE-4908-8BF3-CEB75AEFBE1F}"
EndProject
Project("{FAE04EC0-301F-11D3-BF4B-00C04F79EFBC}") = "ImagesStore.API", "ImagesStore.API\ImagesStore.API.csproj", "{348A6234-0E36-4F84-871F-F0DA05281299}"
EndProject
Global
	GlobalSection(SolutionConfigurationPlatforms) = preSolution
		Debug|Any CPU = Debug|Any CPU
		Release|Any CPU = Release|Any CPU
	EndGlobalSection
	GlobalSection(ProjectConfigurationPlatforms) = postSolution
		{6BD40625-69FE-4908-8BF3-CEB75AEFBE1F}.Debug|Any CPU.ActiveCfg = Debug|Any CPU
		{6BD40625-69FE-4908-8BF3-CEB75AEFBE1F}.Debug|Any CPU.Build.0 = Debug|Any CPU
		{6BD40625-69FE-4908-8BF3-CEB75AEFBE1F}.Release|Any CPU.ActiveCfg = Release|Any CPU
		{6BD40625-69FE-4908-8BF3-CEB75AEFBE1F}.Release|Any CPU.Build.0 = Release|Any CPU
		{348A6234-0E36-4F84-871F-F0DA05281299}.Debug|Any CPU.ActiveCfg = Debug|Any CPU
		{348A6234-0E36-4F84-871F-F0DA05281299}.Debug|Any CPU.Build.0 = Debug|Any CPU
		{348A6234-0E36-4F84-871F-F0DA05281299}.Release|Any CPU.ActiveCfg = Release|Any CPU
		{348A6234-0E36-4F84-871F-F0DA05281299}.Release|Any CPU.Build.0 = Release|Any CPU
	EndGlobalSection
	GlobalSection(SolutionProperties) = preSolution
		HideSolutionNode = FALSE
	EndGlobalSection
	GlobalSection(ExtensibilityGlobals) = postSolution
		SolutionGuid = {0A9FB73C-AFB6-47E3-ACBA-2B10059536C8}
	EndGlobalSection
EndGlobal
